
Microsoft Visual Studio Solution File, Format Version 12.00
# Visual Studio 15
VisualStudioVersion = 15.0.27004.2006
MinimumVisualStudioVersion = 10.0.40219.1
Project("{FAE04EC0-301F-11D3-BF4B-00C04F79EFBC}") = "FormAuthentication", "FormAuthentication\FormAuthentication.csproj", "{257A375E-D1E6-4C3F-8A98-46C9518357FD}"
EndProject
Global
	GlobalSection(SolutionConfigurationPlatforms) = preSolution
		Debug|Any CPU = Debug|Any CPU
		Release|Any CPU = Release|Any CPU
	EndGlobalSection
	GlobalSection(ProjectConfigurationPlatforms) = postSolution
		{257A375E-D1E6-4C3F-8A98-46C9518357FD}.Debug|Any CPU.ActiveCfg = Debug|Any CPU
		{257A375E-D1E6-4C3F-8A98-46C9518357FD}.Debug|Any CPU.Build.0 = Debug|Any CPU
		{257A375E-D1E6-4C3F-8A98-46C9518357FD}.Release|Any CPU.ActiveCfg = Release|Any CPU
		{257A375E-D1E6-4C3F-8A98-46C9518357FD}.Release|Any CPU.Build.0 = Release|Any CPU
	EndGlobalSection
	GlobalSection(SolutionProperties) = preSolution
		HideSolutionNode = FALSE
	EndGlobalSection
	GlobalSection(ExtensibilityGlobals) = postSolution
		SolutionGuid = {A1573181-EC50-47B4-8A5C-4B24F504F5EC}
	EndGlobalSection
EndGlobal
